
Microsoft Visual Studio Solution File, Format Version 10.00
# Visual Studio 2008
Project("{FAE04EC0-301F-11D3-BF4B-00C04F79EFBC}") = "Tcs_MbsCtrl", "Tcs_MbsCtrl.csproj", "{DD8A38EA-5DF2-401D-A12C-E88B68A0694B}"
EndProject
Global
	GlobalSection(SolutionConfigurationPlatforms) = preSolution
		Debug|Any CPU = Debug|Any CPU
		Release|Any CPU = Release|Any CPU
	EndGlobalSection
	GlobalSection(ProjectConfigurationPlatforms) = postSolution
		{DD8A38EA-5DF2-401D-A12C-E88B68A0694B}.Debug|Any CPU.ActiveCfg = Debug|Any CPU
		{DD8A38EA-5DF2-401D-A12C-E88B68A0694B}.Debug|Any CPU.Build.0 = Debug|Any CPU
		{DD8A38EA-5DF2-401D-A12C-E88B68A0694B}.Release|Any CPU.ActiveCfg = Release|Any CPU
		{DD8A38EA-5DF2-401D-A12C-E88B68A0694B}.Release|Any CPU.Build.0 = Release|Any CPU
	EndGlobalSection
	GlobalSection(SolutionProperties) = preSolution
		HideSolutionNode = FALSE
	EndGlobalSection
EndGlobal
